{
  "lockfileVersion": 1,
  "workspaces": {
    "": {
      "name": "bun-hono-arktype",
      "dependencies": {
        "@hono/arktype-validator": "^2.0.0",
        "arktype": "^2.1.2",
        "hono": "^4.7.2",
      },
      "devDependencies": {
        "@types/bun": "latest",
      },
    },
  },
  "packages": {
    "@ark/schema": ["@ark/schema@0.43.1", "", { "dependencies": { "@ark/util": "0.43.1" } }, "sha512-B28ceusolthB9bmHQEG9Lp16keUTt5JhuoB9Uhaw7MQh9+ODSbH4d2KJDD/yrMSeoXiNqEGuWmhlR6YO2pdNvA=="],

    "@ark/util": ["@ark/util@0.43.1", "", {}, "sha512-sRx5bZiNoilA7mr5lAu78ZHOJx88nCagLER9Ns1FfoWWHrDWj8J8xU+VFj0g1ujJrAxWsVJRVElOEZ0XzXCrDw=="],

    "@hono/arktype-validator": ["@hono/arktype-validator@2.0.0", "", { "peerDependencies": { "arktype": "^2.0.0-dev.14", "hono": "*" } }, "sha512-ICNZrK6Qcw6gyPfW53ONXI4JomRcks0fQhqzn9EWsfr6nlL6BNXQ96vIgVDU8qimcbJ2m3GJFAqgzOvWbZk3jw=="],

    "@types/bun": ["@types/bun@1.2.4", "", { "dependencies": { "bun-types": "1.2.4" } }, "sha512-QtuV5OMR8/rdKJs213iwXDpfVvnskPXY/S0ZiFbsTjQZycuqPbMW8Gf/XhLfwE5njW8sxI2WjISURXPlHypMFA=="],

    "@types/node": ["@types/node@22.13.9", "", { "dependencies": { "undici-types": "~6.20.0" } }, "sha512-acBjXdRJ3A6Pb3tqnw9HZmyR3Fiol3aGxRCK1x3d+6CDAMjl7I649wpSd+yNURCjbOUGu9tqtLKnTGxmK6CyGw=="],

    "@types/ws": ["@types/ws@8.5.14", "", { "dependencies": { "@types/node": "*" } }, "sha512-bd/YFLW+URhBzMXurx7lWByOu+xzU9+kb3RboOteXYDfW+tr+JZa99OyNmPINEGB/ahzKrEuc8rcv4gnpJmxTw=="],

    "arktype": ["arktype@2.1.2", "", { "dependencies": { "@ark/schema": "0.43.1", "@ark/util": "0.43.1" } }, "sha512-+uwghWzB1C0WoN6TpVB6wqXpshbRu19LykgddVcD8fk2SZHSgXWcxaTnq+cHnAqtZZOfJ/OI/QDTBmf9SiUFCw=="],

    "bun-types": ["bun-types@1.2.4", "", { "dependencies": { "@types/node": "*", "@types/ws": "~8.5.10" } }, "sha512-nDPymR207ZZEoWD4AavvEaa/KZe/qlrbMSchqpQwovPZCKc7pwMoENjEtHgMKaAjJhy+x6vfqSBA1QU3bJgs0Q=="],

    "hono": ["hono@4.7.2", "", {}, "sha512-8V5XxoOF6SI12jkHkzX/6aLBMU5GEF5g387EjVSQipS0DlxWgWGSMeEayY3CRBjtTUQYwLHx9JYouWqKzy2Vng=="],

    "undici-types": ["undici-types@6.20.0", "", {}, "sha512-Ny6QZ2Nju20vw1SRHe3d9jVu6gJ+4e3+MMpqu7pqE5HT6WsTSlce++GQmK5UXS8mzV8DSYHrQH+Xrf2jVcuKNg=="],
  }
}
